
Microsoft Visual Studio Solution File, Format Version 12.00
# Visual Studio Version 17
VisualStudioVersion = 17.7.34009.444
MinimumVisualStudioVersion = 10.0.40219.1
Project("{FAE04EC0-301F-11D3-BF4B-00C04F79EFBC}") = "ScreenShot", "ScreenShot\ScreenShot.csproj", "{2C48520F-0A8B-4713-9FA5-EF247A6F4DCD}"
EndProject
Global
	GlobalSection(SolutionConfigurationPlatforms) = preSolution
		Debug|Any CPU = Debug|Any CPU
		Release|Any CPU = Release|Any CPU
	EndGlobalSection
	GlobalSection(ProjectConfigurationPlatforms) = postSolution
		{2C48520F-0A8B-4713-9FA5-EF247A6F4DCD}.Debug|Any CPU.ActiveCfg = Debug|Any CPU
		{2C48520F-0A8B-4713-9FA5-EF247A6F4DCD}.Debug|Any CPU.Build.0 = Debug|Any CPU
		{2C48520F-0A8B-4713-9FA5-EF247A6F4DCD}.Release|Any CPU.ActiveCfg = Release|Any CPU
		{2C48520F-0A8B-4713-9FA5-EF247A6F4DCD}.Release|Any CPU.Build.0 = Release|Any CPU
	EndGlobalSection
	GlobalSection(SolutionProperties) = preSolution
		HideSolutionNode = FALSE
	EndGlobalSection
	GlobalSection(ExtensibilityGlobals) = postSolution
		SolutionGuid = {5D20FBF5-2780-4652-A18C-E072C2A0619F}
	EndGlobalSection
EndGlobal
